{
  "name": "codekit-project",
  "version": "1.0.0",
  "lockfileVersion": 1,
  "requires": true,
  "dependencies": {
    "alpinejs": {
      "version": "2.8.0",
      "resolved": "https://registry.npmjs.org/alpinejs/-/alpinejs-2.8.0.tgz",
      "integrity": "sha512-UHvE71BBYHJa6+RxjMwM0g4eokq+5yG1QO5C6VieUu0MVPlsUSlwvrh19VVZQApNIlQsgcvQUhIalzAIgoAPoA=="
    },
    "node-kit": {
      "version": "0.11.0",
      "resolved": "https://registry.npmjs.org/node-kit/-/node-kit-0.11.0.tgz",
      "integrity": "sha512-UjKGvFX0ZEUAf1U2qnCym9KLSsCQBCHmU5wKK3E+ZhP3//rARJwgay5oSeWQNQcm6acXetbZgHeBIGm6r9j/gw=="
    },
    "normalize.css": {
      "version": "8.0.1",
      "resolved": "https://registry.npmjs.org/normalize.css/-/normalize.css-8.0.1.tgz",
      "integrity": "sha512-qizSNPO93t1YUuUhP22btGOo3chcvDFqFaj2TRybP0DMxkHOCTYwp3n34fel4a31ORXy4m1Xq0Gyqpb5m33qIg=="
    }
  }
}
